
Microsoft Visual Studio Solution File, Format Version 12.00
# Visual Studio 15
VisualStudioVersion = 15.0.28010.2050
MinimumVisualStudioVersion = 10.0.40219.1
Project("{FAE04EC0-301F-11D3-BF4B-00C04F79EFBC}") = "scoreboard", "scoreboard\scoreboard.csproj", "{3F0B32A4-E67C-4F5A-B6B1-CAC78DD015C2}"
EndProject
Global
	GlobalSection(SolutionConfigurationPlatforms) = preSolution
		Debug|Any CPU = Debug|Any CPU
		Release|Any CPU = Release|Any CPU
	EndGlobalSection
	GlobalSection(ProjectConfigurationPlatforms) = postSolution
		{3F0B32A4-E67C-4F5A-B6B1-CAC78DD015C2}.Debug|Any CPU.ActiveCfg = Debug|Any CPU
		{3F0B32A4-E67C-4F5A-B6B1-CAC78DD015C2}.Debug|Any CPU.Build.0 = Debug|Any CPU
		{3F0B32A4-E67C-4F5A-B6B1-CAC78DD015C2}.Release|Any CPU.ActiveCfg = Release|Any CPU
		{3F0B32A4-E67C-4F5A-B6B1-CAC78DD015C2}.Release|Any CPU.Build.0 = Release|Any CPU
	EndGlobalSection
	GlobalSection(SolutionProperties) = preSolution
		HideSolutionNode = FALSE
	EndGlobalSection
	GlobalSection(ExtensibilityGlobals) = postSolution
		SolutionGuid = {98DF5A58-26DE-42D9-BB74-B03570A5393B}
	EndGlobalSection
EndGlobal
